
Microsoft Visual Studio Solution File, Format Version 12.00
# Visual Studio 2013
VisualStudioVersion = 12.0.21005.1
MinimumVisualStudioVersion = 10.0.40219.1
Project("{FAE04EC0-301F-11D3-BF4B-00C04F79EFBC}") = "SeleniumAutomation.Framework", "SeleniumAutomation.Framework\SeleniumAutomation.Framework.csproj", "{FFFE8333-3459-4138-9064-555E56783D10}"
EndProject
Global
	GlobalSection(TeamFoundationVersionControl) = preSolution
		SccNumberOfProjects = 2
		SccEnterpriseProvider = {4CA58AB2-18FA-4F8D-95D4-32DDF27D184C}
		SccTeamFoundationServer = http://ilinksys-223:8080/tfs/ilink%20automation%20framework
		SccLocalPath0 = .
		SccProjectUniqueName1 = SeleniumAutomation.Framework\\SeleniumAutomation.Framework.csproj
		SccProjectName1 = SeleniumAutomation.Framework
		SccLocalPath1 = SeleniumAutomation.Framework
	EndGlobalSection
	GlobalSection(SolutionConfigurationPlatforms) = preSolution
		Debug|Any CPU = Debug|Any CPU
		Release|Any CPU = Release|Any CPU
	EndGlobalSection
	GlobalSection(ProjectConfigurationPlatforms) = postSolution
		{FFFE8333-3459-4138-9064-555E56783D10}.Debug|Any CPU.ActiveCfg = Debug|Any CPU
		{FFFE8333-3459-4138-9064-555E56783D10}.Debug|Any CPU.Build.0 = Debug|Any CPU
		{FFFE8333-3459-4138-9064-555E56783D10}.Release|Any CPU.ActiveCfg = Release|Any CPU
		{FFFE8333-3459-4138-9064-555E56783D10}.Release|Any CPU.Build.0 = Release|Any CPU
	EndGlobalSection
	GlobalSection(SolutionProperties) = preSolution
		HideSolutionNode = FALSE
	EndGlobalSection
EndGlobal
